// !$*UTF8*$!
{
	archiveVersion = 1;
	classes = {
	};
	objectVersion = 46;
	objects = {

/* Begin PBXBuildFile section */
		9DAA3FEF1C8AB60000623E02 /* main.m in Sources */ = {isa = PBXBuildFile; fileRef = 9DAA3FEE1C8AB60000623E02 /* main.m */; };
		9DAA3FF71C8AB61A00623E02 /* LYSPerson.m in Sources */ = {isa = PBXBuildFile; fileRef = 9DAA3FF61C8AB61A00623E02 /* LYSPerson.m */; };
		9DAA3FFA1C8ABCDD00623E02 /* LYSPerson+Associated.m in Sources */ = {isa = PBXBuildFile; fileRef = 9DAA3FF91C8ABCDD00623E02 /* LYSPerson+Associated.m */; };
		9DAA3FFF1C8AC0AD00623E02 /* main2.m in Sources */ = {isa = PBXBuildFile; fileRef = 9DAA3FFE1C8AC0AD00623E02 /* main2.m */; };
/* End PBXBuildFile section */

/* Begin PBXCopyFilesBuildPhase section */
		9DAA3FE91C8AB60000623E02 /* CopyFiles */ = {
			isa = PBXCopyFilesBuildPhase;
			buildActionMask = 2147483647;
			dstPath = /usr/share/man/man1/;
			dstSubfolderSpec = 0;
			files = (
			);
			runOnlyForDeploymentPostprocessing = 1;
		};
/* End PBXCopyFilesBuildPhase section */

/* Begin PBXFileReference section */
		9DAA3FEB1C8AB60000623E02 /* RumtimeDemonSecond */ = {isa = PBXFileReference; explicitFileType = "compiled.mach-o.executable"; includeInIndex = 0; path = RumtimeDemonSecond; sourceTree = BUILT_PRODUCTS_DIR; };
		9DAA3FEE1C8AB60000623E02 /* main.m */ = {isa = PBXFileReference; lastKnownFileType = sourcecode.c.objc; path = main.m; sourceTree = "<group>"; };
		9DAA3FF51C8AB61A00623E02 /* LYSPerson.h */ = {isa = PBXFileReference; fileEncoding = 4; lastKnownFileType = sourcecode.c.h; path = LYSPerson.h; sourceTree = "<group>"; };
		9DAA3FF61C8AB61A00623E02 /* LYSPerson.m */ = {isa = PBXFileReference; fileEncoding = 4; lastKnownFileType = sourcecode.c.objc; path = LYSPerson.m; sourceTree = "<group>"; };
		9DAA3FF81C8ABCDD00623E02 /* LYSPerson+Associated.h */ = {isa = PBXFileReference; fileEncoding = 4; lastKnownFileType = sourcecode.c.h; path = "LYSPerson+Associated.h"; sourceTree = "<group>"; };
		9DAA3FF91C8ABCDD00623E02 /* LYSPerson+Associated.m */ = {isa = PBXFileReference; fileEncoding = 4; lastKnownFileType = sourcecode.c.objc; path = "LYSPerson+Associated.m"; sourceTree = "<group>"; };
		9DAA3FFE1C8AC0AD00623E02 /* main2.m */ = {isa = PBXFileReference; fileEncoding = 4; lastKnownFileType = sourcecode.c.objc; path = main2.m; sourceTree = "<group>"; };
/* End PBXFileReference section */

/* Begin PBXFrameworksBuildPhase section */
		9DAA3FE81C8AB60000623E02 /* Frameworks */ = {
			isa = PBXFrameworksBuildPhase;
			buildActionMask = 2147483647;
			files = (
			);
			runOnlyForDeploymentPostprocessing = 0;
		};
/* End PBXFrameworksBuildPhase section */

/* Begin PBXGroup section */
		9DAA3FE21C8AB60000623E02 = {
			isa = PBXGroup;
			children = (
				9DAA3FED1C8AB60000623E02 /* RumtimeDemonSecond */,
				9DAA3FEC1C8AB60000623E02 /* Products */,
			);
			sourceTree = "<group>";
		};
		9DAA3FEC1C8AB60000623E02 /* Products */ = {
			isa = PBXGroup;
			children = (
				9DAA3FEB1C8AB60000623E02 /* RumtimeDemonSecond */,
			);
			name = Products;
			sourceTree = "<group>";
		};
		9DAA3FED1C8AB60000623E02 /* RumtimeDemonSecond */ = {
			isa = PBXGroup;
			children = (
				9DAA3FEE1C8AB60000623E02 /* main.m */,
				9DAA3FFE1C8AC0AD00623E02 /* main2.m */,
				9DAA3FF51C8AB61A00623E02 /* LYSPerson.h */,
				9DAA3FF61C8AB61A00623E02 /* LYSPerson.m */,
				9DAA3FF81C8ABCDD00623E02 /* LYSPerson+Associated.h */,
				9DAA3FF91C8ABCDD00623E02 /* LYSPerson+Associated.m */,
			);
			path = RumtimeDemonSecond;
			sourceTree = "<group>";
		};
/* End PBXGroup section */

/* Begin PBXNativeTarget section */
		9DAA3FEA1C8AB60000623E02 /* RumtimeDemonSecond */ = {
			isa = PBXNativeTarget;
			buildConfigurationList = 9DAA3FF21C8AB60000623E02 /* Build configuration list for PBXNativeTarget "RumtimeDemonSecond" */;
			buildPhases = (
				9DAA3FE71C8AB60000623E02 /* Sources */,
				9DAA3FE81C8AB60000623E02 /* Frameworks */,
				9DAA3FE91C8AB60000623E02 /* CopyFiles */,
			);
			buildRules = (
			);
			dependencies = (
			);
			name = RumtimeDemonSecond;
			productName = RumtimeDemonSecond;
			productReference = 9DAA3FEB1C8AB60000623E02 /* RumtimeDemonSecond */;
			productType = "com.apple.product-type.tool";
		};
/* End PBXNativeTarget section */

/* Begin PBXProject section */
		9DAA3FE31C8AB60000623E02 /* Project object */ = {
			isa = PBXProject;
			attributes = {
				LastUpgradeCheck = 0720;
				ORGANIZATIONNAME = lysongzi;
				TargetAttributes = {
					9DAA3FEA1C8AB60000623E02 = {
						CreatedOnToolsVersion = 7.2.1;
					};
				};
			};
			buildConfigurationList = 9DAA3FE61C8AB60000623E02 /* Build configuration list for PBXProject "RumtimeDemonSecond" */;
			compatibilityVersion = "Xcode 3.2";
			developmentRegion = English;
			hasScannedForEncodings = 0;
			knownRegions = (
				en,
			);
			mainGroup = 9DAA3FE21C8AB60000623E02;
			productRefGroup = 9DAA3FEC1C8AB60000623E02 /* Products */;
			projectDirPath = "";
			projectRoot = "";
			targets = (
				9DAA3FEA1C8AB60000623E02 /* RumtimeDemonSecond */,
			);
		};
/* End PBXProject section */

/* Begin PBXSourcesBuildPhase section */
		9DAA3FE71C8AB60000623E02 /* Sources */ = {
			isa = PBXSourcesBuildPhase;
			buildActionMask = 2147483647;
			files = (
				9DAA3FEF1C8AB60000623E02 /* main.m in Sources */,
				9DAA3FFF1C8AC0AD00623E02 /* main2.m in Sources */,
				9DAA3FFA1C8ABCDD00623E02 /* LYSPerson+Associated.m in Sources */,
				9DAA3FF71C8AB61A00623E02 /* LYSPerson.m in Sources */,
			);
			runOnlyForDeploymentPostprocessing = 0;
		};
/* End PBXSourcesBuildPhase section */

/* Begin XCBuildConfiguration section */
		9DAA3FF01C8AB60000623E02 /* Debug */ = {
			isa = XCBuildConfiguration;
			buildSettings = {
				ALWAYS_SEARCH_USER_PATHS = NO;
				CLANG_CXX_LANGUAGE_STANDARD = "gnu++0x";
				CLANG_CXX_LIBRARY = "libc++";
				CLANG_ENABLE_MODULES = YES;
				CLANG_ENABLE_OBJC_ARC = YES;
				CLANG_WARN_BOOL_CONVERSION = YES;
				CLANG_WARN_CONSTANT_CONVERSION = YES;
				CLANG_WARN_DIRECT_OBJC_ISA_USAGE = YES_ERROR;
				CLANG_WARN_EMPTY_BODY = YES;
				CLANG_WARN_ENUM_CONVERSION = YES;
				CLANG_WARN_INT_CONVERSION = YES;
				CLANG_WARN_OBJC_ROOT_CLASS = YES_ERROR;
				CLANG_WARN_UNREACHABLE_CODE = YES;
				CLANG_WARN__DUPLICATE_METHOD_MATCH = YES;
				CODE_SIGN_IDENTITY = "-";
				COPY_PHASE_STRIP = NO;
				DEBUG_INFORMATION_FORMAT = dwarf;
				ENABLE_STRICT_OBJC_MSGSEND = YES;
				ENABLE_TESTABILITY = YES;
				GCC_C_LANGUAGE_STANDARD = gnu99;
				GCC_DYNAMIC_NO_PIC = NO;
				GCC_NO_COMMON_BLOCKS = YES;
				GCC_OPTIMIZATION_LEVEL = 0;
				GCC_PREPROCESSOR_DEFINITIONS = (
					"DEBUG=1",
					"$(inherited)",
				);
				GCC_WARN_64_TO_32_BIT_CONVERSION = YES;
				GCC_WARN_ABOUT_RETURN_TYPE = YES_ERROR;
				GCC_WARN_UNDECLARED_SELECTOR = YES;
				GCC_WARN_UNINITIALIZED_AUTOS = YES_AGGRESSIVE;
				GCC_WARN_UNUSED_FUNCTION = YES;
				GCC_WARN_UNUSED_VARIABLE = YES;
				MACOSX_DEPLOYMENT_TARGET = 10.11;
				MTL_ENABLE_DEBUG_INFO = YES;
				ONLY_ACTIVE_ARCH = YES;
				SDKROOT = macosx;
			};
			name = Debug;
		};
		9DAA3FF11C8AB60000623E02 /* Release */ = {
			isa = XCBuildConfiguration;
			buildSettings = {
				ALWAYS_SEARCH_USER_PATHS = NO;
				CLANG_CXX_LANGUAGE_STANDARD = "gnu++0x";
				CLANG_CXX_LIBRARY = "libc++";
				CLANG_ENABLE_MODULES = YES;
				CLANG_ENABLE_OBJC_ARC = YES;
				CLANG_WARN_BOOL_CONVERSION = YES;
				CLANG_WARN_CONSTANT_CONVERSION = YES;
				CLANG_WARN_DIRECT_OBJC_ISA_USAGE = YES_ERROR;
				CLANG_WARN_EMPTY_BODY = YES;
				CLANG_WARN_ENUM_CONVERSION = YES;
				CLANG_WARN_INT_CONVERSION = YES;
				CLANG_WARN_OBJC_ROOT_CLASS = YES_ERROR;
				CLANG_WARN_UNREACHABLE_CODE = YES;
				CLANG_WARN__DUPLICATE_METHOD_MATCH = YES;
				CODE_SIGN_IDENTITY = "-";
				COPY_PHASE_STRIP = NO;
				DEBUG_INFORMATION_FORMAT = "dwarf-with-dsym";
				ENABLE_NS_ASSERTIONS = NO;
				ENABLE_STRICT_OBJC_MSGSEND = YES;
				GCC_C_LANGUAGE_STANDARD = gnu99;
				GCC_NO_COMMON_BLOCKS = YES;
				GCC_WARN_64_TO_32_BIT_CONVERSION = YES;
				GCC_WARN_ABOUT_RETURN_TYPE = YES_ERROR;
				GCC_WARN_UNDECLARED_SELECTOR = YES;
				GCC_WARN_UNINITIALIZED_AUTOS = YES_AGGRESSIVE;
				GCC_WARN_UNUSED_FUNCTION = YES;
				GCC_WARN_UNUSED_VARIABLE = YES;
				MACOSX_DEPLOYMENT_TARGET = 10.11;
				MTL_ENABLE_DEBUG_INFO = NO;
				SDKROOT = macosx;
			};
			name = Release;
		};
		9DAA3FF31C8AB60000623E02 /* Debug */ = {
			isa = XCBuildConfiguration;
			buildSettings = {
				PRODUCT_NAME = "$(TARGET_NAME)";
			};
			name = Debug;
		};
		9DAA3FF41C8AB60000623E02 /* Release */ = {
			isa = XCBuildConfiguration;
			buildSettings = {
				PRODUCT_NAME = "$(TARGET_NAME)";
			};
			name = Release;
		};
/* End XCBuildConfiguration section */

/* Begin XCConfigurationList section */
		9DAA3FE61C8AB60000623E02 /* Build configuration list for PBXProject "RumtimeDemonSecond" */ = {
			isa = XCConfigurationList;
			buildConfigurations = (
				9DAA3FF01C8AB60000623E02 /* Debug */,
				9DAA3FF11C8AB60000623E02 /* Release */,
			);
			defaultConfigurationIsVisible = 0;
			defaultConfigurationName = Release;
		};
		9DAA3FF21C8AB60000623E02 /* Build configuration list for PBXNativeTarget "RumtimeDemonSecond" */ = {
			isa = XCConfigurationList;
			buildConfigurations = (
				9DAA3FF31C8AB60000623E02 /* Debug */,
				9DAA3FF41C8AB60000623E02 /* Release */,
			);
			defaultConfigurationIsVisible = 0;
		};
/* End XCConfigurationList section */
	};
	rootObject = 9DAA3FE31C8AB60000623E02 /* Project object */;
}
