// !$*UTF8*$!
{
	archiveVersion = 1;
	classes = {
	};
	objectVersion = 46;
	objects = {

/* Begin PBXBuildFile section */
		9D3955D01C5B99AE00527BAB /* main.m in Sources */ = {isa = PBXBuildFile; fileRef = 9D3955CF1C5B99AE00527BAB /* main.m */; };
		9D3955D31C5B99AE00527BAB /* AppDelegate.m in Sources */ = {isa = PBXBuildFile; fileRef = 9D3955D21C5B99AE00527BAB /* AppDelegate.m */; };
		9D3955D61C5B99AE00527BAB /* ViewController.m in Sources */ = {isa = PBXBuildFile; fileRef = 9D3955D51C5B99AE00527BAB /* ViewController.m */; };
		9D3955D91C5B99AE00527BAB /* Main.storyboard in Resources */ = {isa = PBXBuildFile; fileRef = 9D3955D71C5B99AE00527BAB /* Main.storyboard */; };
		9D3955DB1C5B99AE00527BAB /* Assets.xcassets in Resources */ = {isa = PBXBuildFile; fileRef = 9D3955DA1C5B99AE00527BAB /* Assets.xcassets */; };
		9D3955DE1C5B99AE00527BAB /* LaunchScreen.storyboard in Resources */ = {isa = PBXBuildFile; fileRef = 9D3955DC1C5B99AE00527BAB /* LaunchScreen.storyboard */; };
		9D3955E91C5B99AE00527BAB /* DelayPerformSelectorTests.m in Sources */ = {isa = PBXBuildFile; fileRef = 9D3955E81C5B99AE00527BAB /* DelayPerformSelectorTests.m */; };
		9D3955F41C5B99AE00527BAB /* DelayPerformSelectorUITests.m in Sources */ = {isa = PBXBuildFile; fileRef = 9D3955F31C5B99AE00527BAB /* DelayPerformSelectorUITests.m */; };
/* End PBXBuildFile section */

/* Begin PBXContainerItemProxy section */
		9D3955E51C5B99AE00527BAB /* PBXContainerItemProxy */ = {
			isa = PBXContainerItemProxy;
			containerPortal = 9D3955C31C5B99AE00527BAB /* Project object */;
			proxyType = 1;
			remoteGlobalIDString = 9D3955CA1C5B99AE00527BAB;
			remoteInfo = DelayPerformSelector;
		};
		9D3955F01C5B99AE00527BAB /* PBXContainerItemProxy */ = {
			isa = PBXContainerItemProxy;
			containerPortal = 9D3955C31C5B99AE00527BAB /* Project object */;
			proxyType = 1;
			remoteGlobalIDString = 9D3955CA1C5B99AE00527BAB;
			remoteInfo = DelayPerformSelector;
		};
/* End PBXContainerItemProxy section */

/* Begin PBXFileReference section */
		9D3955CB1C5B99AE00527BAB /* DelayPerformSelector.app */ = {isa = PBXFileReference; explicitFileType = wrapper.application; includeInIndex = 0; path = DelayPerformSelector.app; sourceTree = BUILT_PRODUCTS_DIR; };
		9D3955CF1C5B99AE00527BAB /* main.m */ = {isa = PBXFileReference; lastKnownFileType = sourcecode.c.objc; path = main.m; sourceTree = "<group>"; };
		9D3955D11C5B99AE00527BAB /* AppDelegate.h */ = {isa = PBXFileReference; lastKnownFileType = sourcecode.c.h; path = AppDelegate.h; sourceTree = "<group>"; };
		9D3955D21C5B99AE00527BAB /* AppDelegate.m */ = {isa = PBXFileReference; lastKnownFileType = sourcecode.c.objc; path = AppDelegate.m; sourceTree = "<group>"; };
		9D3955D41C5B99AE00527BAB /* ViewController.h */ = {isa = PBXFileReference; lastKnownFileType = sourcecode.c.h; path = ViewController.h; sourceTree = "<group>"; };
		9D3955D51C5B99AE00527BAB /* ViewController.m */ = {isa = PBXFileReference; lastKnownFileType = sourcecode.c.objc; path = ViewController.m; sourceTree = "<group>"; };
		9D3955D81C5B99AE00527BAB /* Base */ = {isa = PBXFileReference; lastKnownFileType = file.storyboard; name = Base; path = Base.lproj/Main.storyboard; sourceTree = "<group>"; };
		9D3955DA1C5B99AE00527BAB /* Assets.xcassets */ = {isa = PBXFileReference; lastKnownFileType = folder.assetcatalog; path = Assets.xcassets; sourceTree = "<group>"; };
		9D3955DD1C5B99AE00527BAB /* Base */ = {isa = PBXFileReference; lastKnownFileType = file.storyboard; name = Base; path = Base.lproj/LaunchScreen.storyboard; sourceTree = "<group>"; };
		9D3955DF1C5B99AE00527BAB /* Info.plist */ = {isa = PBXFileReference; lastKnownFileType = text.plist.xml; path = Info.plist; sourceTree = "<group>"; };
		9D3955E41C5B99AE00527BAB /* DelayPerformSelectorTests.xctest */ = {isa = PBXFileReference; explicitFileType = wrapper.cfbundle; includeInIndex = 0; path = DelayPerformSelectorTests.xctest; sourceTree = BUILT_PRODUCTS_DIR; };
		9D3955E81C5B99AE00527BAB /* DelayPerformSelectorTests.m */ = {isa = PBXFileReference; lastKnownFileType = sourcecode.c.objc; path = DelayPerformSelectorTests.m; sourceTree = "<group>"; };
		9D3955EA1C5B99AE00527BAB /* Info.plist */ = {isa = PBXFileReference; lastKnownFileType = text.plist.xml; path = Info.plist; sourceTree = "<group>"; };
		9D3955EF1C5B99AE00527BAB /* DelayPerformSelectorUITests.xctest */ = {isa = PBXFileReference; explicitFileType = wrapper.cfbundle; includeInIndex = 0; path = DelayPerformSelectorUITests.xctest; sourceTree = BUILT_PRODUCTS_DIR; };
		9D3955F31C5B99AE00527BAB /* DelayPerformSelectorUITests.m */ = {isa = PBXFileReference; lastKnownFileType = sourcecode.c.objc; path = DelayPerformSelectorUITests.m; sourceTree = "<group>"; };
		9D3955F51C5B99AE00527BAB /* Info.plist */ = {isa = PBXFileReference; lastKnownFileType = text.plist.xml; path = Info.plist; sourceTree = "<group>"; };
/* End PBXFileReference section */

/* Begin PBXFrameworksBuildPhase section */
		9D3955C81C5B99AE00527BAB /* Frameworks */ = {
			isa = PBXFrameworksBuildPhase;
			buildActionMask = 2147483647;
			files = (
			);
			runOnlyForDeploymentPostprocessing = 0;
		};
		9D3955E11C5B99AE00527BAB /* Frameworks */ = {
			isa = PBXFrameworksBuildPhase;
			buildActionMask = 2147483647;
			files = (
			);
			runOnlyForDeploymentPostprocessing = 0;
		};
		9D3955EC1C5B99AE00527BAB /* Frameworks */ = {
			isa = PBXFrameworksBuildPhase;
			buildActionMask = 2147483647;
			files = (
			);
			runOnlyForDeploymentPostprocessing = 0;
		};
/* End PBXFrameworksBuildPhase section */

/* Begin PBXGroup section */
		9D3955C21C5B99AE00527BAB = {
			isa = PBXGroup;
			children = (
				9D3955CD1C5B99AE00527BAB /* DelayPerformSelector */,
				9D3955E71C5B99AE00527BAB /* DelayPerformSelectorTests */,
				9D3955F21C5B99AE00527BAB /* DelayPerformSelectorUITests */,
				9D3955CC1C5B99AE00527BAB /* Products */,
			);
			sourceTree = "<group>";
		};
		9D3955CC1C5B99AE00527BAB /* Products */ = {
			isa = PBXGroup;
			children = (
				9D3955CB1C5B99AE00527BAB /* DelayPerformSelector.app */,
				9D3955E41C5B99AE00527BAB /* DelayPerformSelectorTests.xctest */,
				9D3955EF1C5B99AE00527BAB /* DelayPerformSelectorUITests.xctest */,
			);
			name = Products;
			sourceTree = "<group>";
		};
		9D3955CD1C5B99AE00527BAB /* DelayPerformSelector */ = {
			isa = PBXGroup;
			children = (
				9D3955D11C5B99AE00527BAB /* AppDelegate.h */,
				9D3955D21C5B99AE00527BAB /* AppDelegate.m */,
				9D3955D41C5B99AE00527BAB /* ViewController.h */,
				9D3955D51C5B99AE00527BAB /* ViewController.m */,
				9D3955D71C5B99AE00527BAB /* Main.storyboard */,
				9D3955DA1C5B99AE00527BAB /* Assets.xcassets */,
				9D3955DC1C5B99AE00527BAB /* LaunchScreen.storyboard */,
				9D3955DF1C5B99AE00527BAB /* Info.plist */,
				9D3955CE1C5B99AE00527BAB /* Supporting Files */,
			);
			path = DelayPerformSelector;
			sourceTree = "<group>";
		};
		9D3955CE1C5B99AE00527BAB /* Supporting Files */ = {
			isa = PBXGroup;
			children = (
				9D3955CF1C5B99AE00527BAB /* main.m */,
			);
			name = "Supporting Files";
			sourceTree = "<group>";
		};
		9D3955E71C5B99AE00527BAB /* DelayPerformSelectorTests */ = {
			isa = PBXGroup;
			children = (
				9D3955E81C5B99AE00527BAB /* DelayPerformSelectorTests.m */,
				9D3955EA1C5B99AE00527BAB /* Info.plist */,
			);
			path = DelayPerformSelectorTests;
			sourceTree = "<group>";
		};
		9D3955F21C5B99AE00527BAB /* DelayPerformSelectorUITests */ = {
			isa = PBXGroup;
			children = (
				9D3955F31C5B99AE00527BAB /* DelayPerformSelectorUITests.m */,
				9D3955F51C5B99AE00527BAB /* Info.plist */,
			);
			path = DelayPerformSelectorUITests;
			sourceTree = "<group>";
		};
/* End PBXGroup section */

/* Begin PBXNativeTarget section */
		9D3955CA1C5B99AE00527BAB /* DelayPerformSelector */ = {
			isa = PBXNativeTarget;
			buildConfigurationList = 9D3955F81C5B99AE00527BAB /* Build configuration list for PBXNativeTarget "DelayPerformSelector" */;
			buildPhases = (
				9D3955C71C5B99AE00527BAB /* Sources */,
				9D3955C81C5B99AE00527BAB /* Frameworks */,
				9D3955C91C5B99AE00527BAB /* Resources */,
			);
			buildRules = (
			);
			dependencies = (
			);
			name = DelayPerformSelector;
			productName = DelayPerformSelector;
			productReference = 9D3955CB1C5B99AE00527BAB /* DelayPerformSelector.app */;
			productType = "com.apple.product-type.application";
		};
		9D3955E31C5B99AE00527BAB /* DelayPerformSelectorTests */ = {
			isa = PBXNativeTarget;
			buildConfigurationList = 9D3955FB1C5B99AE00527BAB /* Build configuration list for PBXNativeTarget "DelayPerformSelectorTests" */;
			buildPhases = (
				9D3955E01C5B99AE00527BAB /* Sources */,
				9D3955E11C5B99AE00527BAB /* Frameworks */,
				9D3955E21C5B99AE00527BAB /* Resources */,
			);
			buildRules = (
			);
			dependencies = (
				9D3955E61C5B99AE00527BAB /* PBXTargetDependency */,
			);
			name = DelayPerformSelectorTests;
			productName = DelayPerformSelectorTests;
			productReference = 9D3955E41C5B99AE00527BAB /* DelayPerformSelectorTests.xctest */;
			productType = "com.apple.product-type.bundle.unit-test";
		};
		9D3955EE1C5B99AE00527BAB /* DelayPerformSelectorUITests */ = {
			isa = PBXNativeTarget;
			buildConfigurationList = 9D3955FE1C5B99AE00527BAB /* Build configuration list for PBXNativeTarget "DelayPerformSelectorUITests" */;
			buildPhases = (
				9D3955EB1C5B99AE00527BAB /* Sources */,
				9D3955EC1C5B99AE00527BAB /* Frameworks */,
				9D3955ED1C5B99AE00527BAB /* Resources */,
			);
			buildRules = (
			);
			dependencies = (
				9D3955F11C5B99AE00527BAB /* PBXTargetDependency */,
			);
			name = DelayPerformSelectorUITests;
			productName = DelayPerformSelectorUITests;
			productReference = 9D3955EF1C5B99AE00527BAB /* DelayPerformSelectorUITests.xctest */;
			productType = "com.apple.product-type.bundle.ui-testing";
		};
/* End PBXNativeTarget section */

/* Begin PBXProject section */
		9D3955C31C5B99AE00527BAB /* Project object */ = {
			isa = PBXProject;
			attributes = {
				LastUpgradeCheck = 0720;
				ORGANIZATIONNAME = lysongzi;
				TargetAttributes = {
					9D3955CA1C5B99AE00527BAB = {
						CreatedOnToolsVersion = 7.2;
						DevelopmentTeam = R5G98FQWCS;
					};
					9D3955E31C5B99AE00527BAB = {
						CreatedOnToolsVersion = 7.2;
						DevelopmentTeam = R5G98FQWCS;
						TestTargetID = 9D3955CA1C5B99AE00527BAB;
					};
					9D3955EE1C5B99AE00527BAB = {
						CreatedOnToolsVersion = 7.2;
						DevelopmentTeam = R5G98FQWCS;
						TestTargetID = 9D3955CA1C5B99AE00527BAB;
					};
				};
			};
			buildConfigurationList = 9D3955C61C5B99AE00527BAB /* Build configuration list for PBXProject "DelayPerformSelector" */;
			compatibilityVersion = "Xcode 3.2";
			developmentRegion = English;
			hasScannedForEncodings = 0;
			knownRegions = (
				en,
				Base,
			);
			mainGroup = 9D3955C21C5B99AE00527BAB;
			productRefGroup = 9D3955CC1C5B99AE00527BAB /* Products */;
			projectDirPath = "";
			projectRoot = "";
			targets = (
				9D3955CA1C5B99AE00527BAB /* DelayPerformSelector */,
				9D3955E31C5B99AE00527BAB /* DelayPerformSelectorTests */,
				9D3955EE1C5B99AE00527BAB /* DelayPerformSelectorUITests */,
			);
		};
/* End PBXProject section */

/* Begin PBXResourcesBuildPhase section */
		9D3955C91C5B99AE00527BAB /* Resources */ = {
			isa = PBXResourcesBuildPhase;
			buildActionMask = 2147483647;
			files = (
				9D3955DE1C5B99AE00527BAB /* LaunchScreen.storyboard in Resources */,
				9D3955DB1C5B99AE00527BAB /* Assets.xcassets in Resources */,
				9D3955D91C5B99AE00527BAB /* Main.storyboard in Resources */,
			);
			runOnlyForDeploymentPostprocessing = 0;
		};
		9D3955E21C5B99AE00527BAB /* Resources */ = {
			isa = PBXResourcesBuildPhase;
			buildActionMask = 2147483647;
			files = (
			);
			runOnlyForDeploymentPostprocessing = 0;
		};
		9D3955ED1C5B99AE00527BAB /* Resources */ = {
			isa = PBXResourcesBuildPhase;
			buildActionMask = 2147483647;
			files = (
			);
			runOnlyForDeploymentPostprocessing = 0;
		};
/* End PBXResourcesBuildPhase section */

/* Begin PBXSourcesBuildPhase section */
		9D3955C71C5B99AE00527BAB /* Sources */ = {
			isa = PBXSourcesBuildPhase;
			buildActionMask = 2147483647;
			files = (
				9D3955D61C5B99AE00527BAB /* ViewController.m in Sources */,
				9D3955D31C5B99AE00527BAB /* AppDelegate.m in Sources */,
				9D3955D01C5B99AE00527BAB /* main.m in Sources */,
			);
			runOnlyForDeploymentPostprocessing = 0;
		};
		9D3955E01C5B99AE00527BAB /* Sources */ = {
			isa = PBXSourcesBuildPhase;
			buildActionMask = 2147483647;
			files = (
				9D3955E91C5B99AE00527BAB /* DelayPerformSelectorTests.m in Sources */,
			);
			runOnlyForDeploymentPostprocessing = 0;
		};
		9D3955EB1C5B99AE00527BAB /* Sources */ = {
			isa = PBXSourcesBuildPhase;
			buildActionMask = 2147483647;
			files = (
				9D3955F41C5B99AE00527BAB /* DelayPerformSelectorUITests.m in Sources */,
			);
			runOnlyForDeploymentPostprocessing = 0;
		};
/* End PBXSourcesBuildPhase section */

/* Begin PBXTargetDependency section */
		9D3955E61C5B99AE00527BAB /* PBXTargetDependency */ = {
			isa = PBXTargetDependency;
			target = 9D3955CA1C5B99AE00527BAB /* DelayPerformSelector */;
			targetProxy = 9D3955E51C5B99AE00527BAB /* PBXContainerItemProxy */;
		};
		9D3955F11C5B99AE00527BAB /* PBXTargetDependency */ = {
			isa = PBXTargetDependency;
			target = 9D3955CA1C5B99AE00527BAB /* DelayPerformSelector */;
			targetProxy = 9D3955F01C5B99AE00527BAB /* PBXContainerItemProxy */;
		};
/* End PBXTargetDependency section */

/* Begin PBXVariantGroup section */
		9D3955D71C5B99AE00527BAB /* Main.storyboard */ = {
			isa = PBXVariantGroup;
			children = (
				9D3955D81C5B99AE00527BAB /* Base */,
			);
			name = Main.storyboard;
			sourceTree = "<group>";
		};
		9D3955DC1C5B99AE00527BAB /* LaunchScreen.storyboard */ = {
			isa = PBXVariantGroup;
			children = (
				9D3955DD1C5B99AE00527BAB /* Base */,
			);
			name = LaunchScreen.storyboard;
			sourceTree = "<group>";
		};
/* End PBXVariantGroup section */

/* Begin XCBuildConfiguration section */
		9D3955F61C5B99AE00527BAB /* Debug */ = {
			isa = XCBuildConfiguration;
			buildSettings = {
				ALWAYS_SEARCH_USER_PATHS = NO;
				CLANG_CXX_LANGUAGE_STANDARD = "gnu++0x";
				CLANG_CXX_LIBRARY = "libc++";
				CLANG_ENABLE_MODULES = YES;
				CLANG_ENABLE_OBJC_ARC = YES;
				CLANG_WARN_BOOL_CONVERSION = YES;
				CLANG_WARN_CONSTANT_CONVERSION = YES;
				CLANG_WARN_DIRECT_OBJC_ISA_USAGE = YES_ERROR;
				CLANG_WARN_EMPTY_BODY = YES;
				CLANG_WARN_ENUM_CONVERSION = YES;
				CLANG_WARN_INT_CONVERSION = YES;
				CLANG_WARN_OBJC_ROOT_CLASS = YES_ERROR;
				CLANG_WARN_UNREACHABLE_CODE = YES;
				CLANG_WARN__DUPLICATE_METHOD_MATCH = YES;
				"CODE_SIGN_IDENTITY[sdk=iphoneos*]" = "iPhone Developer";
				COPY_PHASE_STRIP = NO;
				DEBUG_INFORMATION_FORMAT = dwarf;
				ENABLE_STRICT_OBJC_MSGSEND = YES;
				ENABLE_TESTABILITY = YES;
				GCC_C_LANGUAGE_STANDARD = gnu99;
				GCC_DYNAMIC_NO_PIC = NO;
				GCC_NO_COMMON_BLOCKS = YES;
				GCC_OPTIMIZATION_LEVEL = 0;
				GCC_PREPROCESSOR_DEFINITIONS = (
					"DEBUG=1",
					"$(inherited)",
				);
				GCC_WARN_64_TO_32_BIT_CONVERSION = YES;
				GCC_WARN_ABOUT_RETURN_TYPE = YES_ERROR;
				GCC_WARN_UNDECLARED_SELECTOR = YES;
				GCC_WARN_UNINITIALIZED_AUTOS = YES_AGGRESSIVE;
				GCC_WARN_UNUSED_FUNCTION = YES;
				GCC_WARN_UNUSED_VARIABLE = YES;
				IPHONEOS_DEPLOYMENT_TARGET = 9.2;
				MTL_ENABLE_DEBUG_INFO = YES;
				ONLY_ACTIVE_ARCH = YES;
				SDKROOT = iphoneos;
			};
			name = Debug;
		};
		9D3955F71C5B99AE00527BAB /* Release */ = {
			isa = XCBuildConfiguration;
			buildSettings = {
				ALWAYS_SEARCH_USER_PATHS = NO;
				CLANG_CXX_LANGUAGE_STANDARD = "gnu++0x";
				CLANG_CXX_LIBRARY = "libc++";
				CLANG_ENABLE_MODULES = YES;
				CLANG_ENABLE_OBJC_ARC = YES;
				CLANG_WARN_BOOL_CONVERSION = YES;
				CLANG_WARN_CONSTANT_CONVERSION = YES;
				CLANG_WARN_DIRECT_OBJC_ISA_USAGE = YES_ERROR;
				CLANG_WARN_EMPTY_BODY = YES;
				CLANG_WARN_ENUM_CONVERSION = YES;
				CLANG_WARN_INT_CONVERSION = YES;
				CLANG_WARN_OBJC_ROOT_CLASS = YES_ERROR;
				CLANG_WARN_UNREACHABLE_CODE = YES;
				CLANG_WARN__DUPLICATE_METHOD_MATCH = YES;
				"CODE_SIGN_IDENTITY[sdk=iphoneos*]" = "iPhone Developer";
				COPY_PHASE_STRIP = NO;
				DEBUG_INFORMATION_FORMAT = "dwarf-with-dsym";
				ENABLE_NS_ASSERTIONS = NO;
				ENABLE_STRICT_OBJC_MSGSEND = YES;
				GCC_C_LANGUAGE_STANDARD = gnu99;
				GCC_NO_COMMON_BLOCKS = YES;
				GCC_WARN_64_TO_32_BIT_CONVERSION = YES;
				GCC_WARN_ABOUT_RETURN_TYPE = YES_ERROR;
				GCC_WARN_UNDECLARED_SELECTOR = YES;
				GCC_WARN_UNINITIALIZED_AUTOS = YES_AGGRESSIVE;
				GCC_WARN_UNUSED_FUNCTION = YES;
				GCC_WARN_UNUSED_VARIABLE = YES;
				IPHONEOS_DEPLOYMENT_TARGET = 9.2;
				MTL_ENABLE_DEBUG_INFO = NO;
				SDKROOT = iphoneos;
				VALIDATE_PRODUCT = YES;
			};
			name = Release;
		};
		9D3955F91C5B99AE00527BAB /* Debug */ = {
			isa = XCBuildConfiguration;
			buildSettings = {
				ASSETCATALOG_COMPILER_APPICON_NAME = AppIcon;
				INFOPLIST_FILE = DelayPerformSelector/Info.plist;
				LD_RUNPATH_SEARCH_PATHS = "$(inherited) @executable_path/Frameworks";
				PRODUCT_BUNDLE_IDENTIFIER = com.lysongzi.DelayPerformSelector;
				PRODUCT_NAME = "$(TARGET_NAME)";
			};
			name = Debug;
		};
		9D3955FA1C5B99AE00527BAB /* Release */ = {
			isa = XCBuildConfiguration;
			buildSettings = {
				ASSETCATALOG_COMPILER_APPICON_NAME = AppIcon;
				INFOPLIST_FILE = DelayPerformSelector/Info.plist;
				LD_RUNPATH_SEARCH_PATHS = "$(inherited) @executable_path/Frameworks";
				PRODUCT_BUNDLE_IDENTIFIER = com.lysongzi.DelayPerformSelector;
				PRODUCT_NAME = "$(TARGET_NAME)";
			};
			name = Release;
		};
		9D3955FC1C5B99AE00527BAB /* Debug */ = {
			isa = XCBuildConfiguration;
			buildSettings = {
				BUNDLE_LOADER = "$(TEST_HOST)";
				INFOPLIST_FILE = DelayPerformSelectorTests/Info.plist;
				LD_RUNPATH_SEARCH_PATHS = "$(inherited) @executable_path/Frameworks @loader_path/Frameworks";
				PRODUCT_BUNDLE_IDENTIFIER = com.lysongzi.DelayPerformSelectorTests;
				PRODUCT_NAME = "$(TARGET_NAME)";
				TEST_HOST = "$(BUILT_PRODUCTS_DIR)/DelayPerformSelector.app/DelayPerformSelector";
			};
			name = Debug;
		};
		9D3955FD1C5B99AE00527BAB /* Release */ = {
			isa = XCBuildConfiguration;
			buildSettings = {
				BUNDLE_LOADER = "$(TEST_HOST)";
				INFOPLIST_FILE = DelayPerformSelectorTests/Info.plist;
				LD_RUNPATH_SEARCH_PATHS = "$(inherited) @executable_path/Frameworks @loader_path/Frameworks";
				PRODUCT_BUNDLE_IDENTIFIER = com.lysongzi.DelayPerformSelectorTests;
				PRODUCT_NAME = "$(TARGET_NAME)";
				TEST_HOST = "$(BUILT_PRODUCTS_DIR)/DelayPerformSelector.app/DelayPerformSelector";
			};
			name = Release;
		};
		9D3955FF1C5B99AE00527BAB /* Debug */ = {
			isa = XCBuildConfiguration;
			buildSettings = {
				INFOPLIST_FILE = DelayPerformSelectorUITests/Info.plist;
				LD_RUNPATH_SEARCH_PATHS = "$(inherited) @executable_path/Frameworks @loader_path/Frameworks";
				PRODUCT_BUNDLE_IDENTIFIER = com.lysongzi.DelayPerformSelectorUITests;
				PRODUCT_NAME = "$(TARGET_NAME)";
				TEST_TARGET_NAME = DelayPerformSelector;
				USES_XCTRUNNER = YES;
			};
			name = Debug;
		};
		9D3956001C5B99AE00527BAB /* Release */ = {
			isa = XCBuildConfiguration;
			buildSettings = {
				INFOPLIST_FILE = DelayPerformSelectorUITests/Info.plist;
				LD_RUNPATH_SEARCH_PATHS = "$(inherited) @executable_path/Frameworks @loader_path/Frameworks";
				PRODUCT_BUNDLE_IDENTIFIER = com.lysongzi.DelayPerformSelectorUITests;
				PRODUCT_NAME = "$(TARGET_NAME)";
				TEST_TARGET_NAME = DelayPerformSelector;
				USES_XCTRUNNER = YES;
			};
			name = Release;
		};
/* End XCBuildConfiguration section */

/* Begin XCConfigurationList section */
		9D3955C61C5B99AE00527BAB /* Build configuration list for PBXProject "DelayPerformSelector" */ = {
			isa = XCConfigurationList;
			buildConfigurations = (
				9D3955F61C5B99AE00527BAB /* Debug */,
				9D3955F71C5B99AE00527BAB /* Release */,
			);
			defaultConfigurationIsVisible = 0;
			defaultConfigurationName = Release;
		};
		9D3955F81C5B99AE00527BAB /* Build configuration list for PBXNativeTarget "DelayPerformSelector" */ = {
			isa = XCConfigurationList;
			buildConfigurations = (
				9D3955F91C5B99AE00527BAB /* Debug */,
				9D3955FA1C5B99AE00527BAB /* Release */,
			);
			defaultConfigurationIsVisible = 0;
		};
		9D3955FB1C5B99AE00527BAB /* Build configuration list for PBXNativeTarget "DelayPerformSelectorTests" */ = {
			isa = XCConfigurationList;
			buildConfigurations = (
				9D3955FC1C5B99AE00527BAB /* Debug */,
				9D3955FD1C5B99AE00527BAB /* Release */,
			);
			defaultConfigurationIsVisible = 0;
		};
		9D3955FE1C5B99AE00527BAB /* Build configuration list for PBXNativeTarget "DelayPerformSelectorUITests" */ = {
			isa = XCConfigurationList;
			buildConfigurations = (
				9D3955FF1C5B99AE00527BAB /* Debug */,
				9D3956001C5B99AE00527BAB /* Release */,
			);
			defaultConfigurationIsVisible = 0;
		};
/* End XCConfigurationList section */
	};
	rootObject = 9D3955C31C5B99AE00527BAB /* Project object */;
}
