// !$*UTF8*$!
{
	archiveVersion = 1;
	classes = {
	};
	objectVersion = 46;
	objects = {

/* Begin PBXBuildFile section */
		9DB13EC71C5F75FF002E6A44 /* main.m in Sources */ = {isa = PBXBuildFile; fileRef = 9DB13EC61C5F75FF002E6A44 /* main.m */; };
		9DB13ECA1C5F75FF002E6A44 /* AppDelegate.m in Sources */ = {isa = PBXBuildFile; fileRef = 9DB13EC91C5F75FF002E6A44 /* AppDelegate.m */; };
		9DB13ECD1C5F75FF002E6A44 /* ViewController.m in Sources */ = {isa = PBXBuildFile; fileRef = 9DB13ECC1C5F75FF002E6A44 /* ViewController.m */; };
		9DB13ED01C5F7600002E6A44 /* Main.storyboard in Resources */ = {isa = PBXBuildFile; fileRef = 9DB13ECE1C5F7600002E6A44 /* Main.storyboard */; };
		9DB13ED21C5F7600002E6A44 /* Assets.xcassets in Resources */ = {isa = PBXBuildFile; fileRef = 9DB13ED11C5F7600002E6A44 /* Assets.xcassets */; };
		9DB13ED51C5F7600002E6A44 /* LaunchScreen.storyboard in Resources */ = {isa = PBXBuildFile; fileRef = 9DB13ED31C5F7600002E6A44 /* LaunchScreen.storyboard */; };
/* End PBXBuildFile section */

/* Begin PBXFileReference section */
		9DB13EC21C5F75FF002E6A44 /* CircleImageView.app */ = {isa = PBXFileReference; explicitFileType = wrapper.application; includeInIndex = 0; path = CircleImageView.app; sourceTree = BUILT_PRODUCTS_DIR; };
		9DB13EC61C5F75FF002E6A44 /* main.m */ = {isa = PBXFileReference; lastKnownFileType = sourcecode.c.objc; path = main.m; sourceTree = "<group>"; };
		9DB13EC81C5F75FF002E6A44 /* AppDelegate.h */ = {isa = PBXFileReference; lastKnownFileType = sourcecode.c.h; path = AppDelegate.h; sourceTree = "<group>"; };
		9DB13EC91C5F75FF002E6A44 /* AppDelegate.m */ = {isa = PBXFileReference; lastKnownFileType = sourcecode.c.objc; path = AppDelegate.m; sourceTree = "<group>"; };
		9DB13ECB1C5F75FF002E6A44 /* ViewController.h */ = {isa = PBXFileReference; lastKnownFileType = sourcecode.c.h; path = ViewController.h; sourceTree = "<group>"; };
		9DB13ECC1C5F75FF002E6A44 /* ViewController.m */ = {isa = PBXFileReference; lastKnownFileType = sourcecode.c.objc; path = ViewController.m; sourceTree = "<group>"; };
		9DB13ECF1C5F7600002E6A44 /* Base */ = {isa = PBXFileReference; lastKnownFileType = file.storyboard; name = Base; path = Base.lproj/Main.storyboard; sourceTree = "<group>"; };
		9DB13ED11C5F7600002E6A44 /* Assets.xcassets */ = {isa = PBXFileReference; lastKnownFileType = folder.assetcatalog; path = Assets.xcassets; sourceTree = "<group>"; };
		9DB13ED41C5F7600002E6A44 /* Base */ = {isa = PBXFileReference; lastKnownFileType = file.storyboard; name = Base; path = Base.lproj/LaunchScreen.storyboard; sourceTree = "<group>"; };
		9DB13ED61C5F7600002E6A44 /* Info.plist */ = {isa = PBXFileReference; lastKnownFileType = text.plist.xml; path = Info.plist; sourceTree = "<group>"; };
/* End PBXFileReference section */

/* Begin PBXFrameworksBuildPhase section */
		9DB13EBF1C5F75FF002E6A44 /* Frameworks */ = {
			isa = PBXFrameworksBuildPhase;
			buildActionMask = 2147483647;
			files = (
			);
			runOnlyForDeploymentPostprocessing = 0;
		};
/* End PBXFrameworksBuildPhase section */

/* Begin PBXGroup section */
		9DB13EB91C5F75FF002E6A44 = {
			isa = PBXGroup;
			children = (
				9DB13EC41C5F75FF002E6A44 /* CircleImageView */,
				9DB13EC31C5F75FF002E6A44 /* Products */,
			);
			sourceTree = "<group>";
		};
		9DB13EC31C5F75FF002E6A44 /* Products */ = {
			isa = PBXGroup;
			children = (
				9DB13EC21C5F75FF002E6A44 /* CircleImageView.app */,
			);
			name = Products;
			sourceTree = "<group>";
		};
		9DB13EC41C5F75FF002E6A44 /* CircleImageView */ = {
			isa = PBXGroup;
			children = (
				9DB13EC81C5F75FF002E6A44 /* AppDelegate.h */,
				9DB13EC91C5F75FF002E6A44 /* AppDelegate.m */,
				9DB13ECB1C5F75FF002E6A44 /* ViewController.h */,
				9DB13ECC1C5F75FF002E6A44 /* ViewController.m */,
				9DB13ECE1C5F7600002E6A44 /* Main.storyboard */,
				9DB13ED11C5F7600002E6A44 /* Assets.xcassets */,
				9DB13ED31C5F7600002E6A44 /* LaunchScreen.storyboard */,
				9DB13ED61C5F7600002E6A44 /* Info.plist */,
				9DB13EC51C5F75FF002E6A44 /* Supporting Files */,
			);
			path = CircleImageView;
			sourceTree = "<group>";
		};
		9DB13EC51C5F75FF002E6A44 /* Supporting Files */ = {
			isa = PBXGroup;
			children = (
				9DB13EC61C5F75FF002E6A44 /* main.m */,
			);
			name = "Supporting Files";
			sourceTree = "<group>";
		};
/* End PBXGroup section */

/* Begin PBXNativeTarget section */
		9DB13EC11C5F75FF002E6A44 /* CircleImageView */ = {
			isa = PBXNativeTarget;
			buildConfigurationList = 9DB13ED91C5F7600002E6A44 /* Build configuration list for PBXNativeTarget "CircleImageView" */;
			buildPhases = (
				9DB13EBE1C5F75FF002E6A44 /* Sources */,
				9DB13EBF1C5F75FF002E6A44 /* Frameworks */,
				9DB13EC01C5F75FF002E6A44 /* Resources */,
			);
			buildRules = (
			);
			dependencies = (
			);
			name = CircleImageView;
			productName = CircleImageView;
			productReference = 9DB13EC21C5F75FF002E6A44 /* CircleImageView.app */;
			productType = "com.apple.product-type.application";
		};
/* End PBXNativeTarget section */

/* Begin PBXProject section */
		9DB13EBA1C5F75FF002E6A44 /* Project object */ = {
			isa = PBXProject;
			attributes = {
				LastUpgradeCheck = 0720;
				ORGANIZATIONNAME = lysongzi;
				TargetAttributes = {
					9DB13EC11C5F75FF002E6A44 = {
						CreatedOnToolsVersion = 7.2;
						DevelopmentTeam = R5G98FQWCS;
					};
				};
			};
			buildConfigurationList = 9DB13EBD1C5F75FF002E6A44 /* Build configuration list for PBXProject "CircleImageView" */;
			compatibilityVersion = "Xcode 3.2";
			developmentRegion = English;
			hasScannedForEncodings = 0;
			knownRegions = (
				en,
				Base,
			);
			mainGroup = 9DB13EB91C5F75FF002E6A44;
			productRefGroup = 9DB13EC31C5F75FF002E6A44 /* Products */;
			projectDirPath = "";
			projectRoot = "";
			targets = (
				9DB13EC11C5F75FF002E6A44 /* CircleImageView */,
			);
		};
/* End PBXProject section */

/* Begin PBXResourcesBuildPhase section */
		9DB13EC01C5F75FF002E6A44 /* Resources */ = {
			isa = PBXResourcesBuildPhase;
			buildActionMask = 2147483647;
			files = (
				9DB13ED51C5F7600002E6A44 /* LaunchScreen.storyboard in Resources */,
				9DB13ED21C5F7600002E6A44 /* Assets.xcassets in Resources */,
				9DB13ED01C5F7600002E6A44 /* Main.storyboard in Resources */,
			);
			runOnlyForDeploymentPostprocessing = 0;
		};
/* End PBXResourcesBuildPhase section */

/* Begin PBXSourcesBuildPhase section */
		9DB13EBE1C5F75FF002E6A44 /* Sources */ = {
			isa = PBXSourcesBuildPhase;
			buildActionMask = 2147483647;
			files = (
				9DB13ECD1C5F75FF002E6A44 /* ViewController.m in Sources */,
				9DB13ECA1C5F75FF002E6A44 /* AppDelegate.m in Sources */,
				9DB13EC71C5F75FF002E6A44 /* main.m in Sources */,
			);
			runOnlyForDeploymentPostprocessing = 0;
		};
/* End PBXSourcesBuildPhase section */

/* Begin PBXVariantGroup section */
		9DB13ECE1C5F7600002E6A44 /* Main.storyboard */ = {
			isa = PBXVariantGroup;
			children = (
				9DB13ECF1C5F7600002E6A44 /* Base */,
			);
			name = Main.storyboard;
			sourceTree = "<group>";
		};
		9DB13ED31C5F7600002E6A44 /* LaunchScreen.storyboard */ = {
			isa = PBXVariantGroup;
			children = (
				9DB13ED41C5F7600002E6A44 /* Base */,
			);
			name = LaunchScreen.storyboard;
			sourceTree = "<group>";
		};
/* End PBXVariantGroup section */

/* Begin XCBuildConfiguration section */
		9DB13ED71C5F7600002E6A44 /* Debug */ = {
			isa = XCBuildConfiguration;
			buildSettings = {
				ALWAYS_SEARCH_USER_PATHS = NO;
				CLANG_CXX_LANGUAGE_STANDARD = "gnu++0x";
				CLANG_CXX_LIBRARY = "libc++";
				CLANG_ENABLE_MODULES = YES;
				CLANG_ENABLE_OBJC_ARC = YES;
				CLANG_WARN_BOOL_CONVERSION = YES;
				CLANG_WARN_CONSTANT_CONVERSION = YES;
				CLANG_WARN_DIRECT_OBJC_ISA_USAGE = YES_ERROR;
				CLANG_WARN_EMPTY_BODY = YES;
				CLANG_WARN_ENUM_CONVERSION = YES;
				CLANG_WARN_INT_CONVERSION = YES;
				CLANG_WARN_OBJC_ROOT_CLASS = YES_ERROR;
				CLANG_WARN_UNREACHABLE_CODE = YES;
				CLANG_WARN__DUPLICATE_METHOD_MATCH = YES;
				"CODE_SIGN_IDENTITY[sdk=iphoneos*]" = "iPhone Developer";
				COPY_PHASE_STRIP = NO;
				DEBUG_INFORMATION_FORMAT = dwarf;
				ENABLE_STRICT_OBJC_MSGSEND = YES;
				ENABLE_TESTABILITY = YES;
				GCC_C_LANGUAGE_STANDARD = gnu99;
				GCC_DYNAMIC_NO_PIC = NO;
				GCC_NO_COMMON_BLOCKS = YES;
				GCC_OPTIMIZATION_LEVEL = 0;
				GCC_PREPROCESSOR_DEFINITIONS = (
					"DEBUG=1",
					"$(inherited)",
				);
				GCC_WARN_64_TO_32_BIT_CONVERSION = YES;
				GCC_WARN_ABOUT_RETURN_TYPE = YES_ERROR;
				GCC_WARN_UNDECLARED_SELECTOR = YES;
				GCC_WARN_UNINITIALIZED_AUTOS = YES_AGGRESSIVE;
				GCC_WARN_UNUSED_FUNCTION = YES;
				GCC_WARN_UNUSED_VARIABLE = YES;
				IPHONEOS_DEPLOYMENT_TARGET = 9.2;
				MTL_ENABLE_DEBUG_INFO = YES;
				ONLY_ACTIVE_ARCH = YES;
				SDKROOT = iphoneos;
			};
			name = Debug;
		};
		9DB13ED81C5F7600002E6A44 /* Release */ = {
			isa = XCBuildConfiguration;
			buildSettings = {
				ALWAYS_SEARCH_USER_PATHS = NO;
				CLANG_CXX_LANGUAGE_STANDARD = "gnu++0x";
				CLANG_CXX_LIBRARY = "libc++";
				CLANG_ENABLE_MODULES = YES;
				CLANG_ENABLE_OBJC_ARC = YES;
				CLANG_WARN_BOOL_CONVERSION = YES;
				CLANG_WARN_CONSTANT_CONVERSION = YES;
				CLANG_WARN_DIRECT_OBJC_ISA_USAGE = YES_ERROR;
				CLANG_WARN_EMPTY_BODY = YES;
				CLANG_WARN_ENUM_CONVERSION = YES;
				CLANG_WARN_INT_CONVERSION = YES;
				CLANG_WARN_OBJC_ROOT_CLASS = YES_ERROR;
				CLANG_WARN_UNREACHABLE_CODE = YES;
				CLANG_WARN__DUPLICATE_METHOD_MATCH = YES;
				"CODE_SIGN_IDENTITY[sdk=iphoneos*]" = "iPhone Developer";
				COPY_PHASE_STRIP = NO;
				DEBUG_INFORMATION_FORMAT = "dwarf-with-dsym";
				ENABLE_NS_ASSERTIONS = NO;
				ENABLE_STRICT_OBJC_MSGSEND = YES;
				GCC_C_LANGUAGE_STANDARD = gnu99;
				GCC_NO_COMMON_BLOCKS = YES;
				GCC_WARN_64_TO_32_BIT_CONVERSION = YES;
				GCC_WARN_ABOUT_RETURN_TYPE = YES_ERROR;
				GCC_WARN_UNDECLARED_SELECTOR = YES;
				GCC_WARN_UNINITIALIZED_AUTOS = YES_AGGRESSIVE;
				GCC_WARN_UNUSED_FUNCTION = YES;
				GCC_WARN_UNUSED_VARIABLE = YES;
				IPHONEOS_DEPLOYMENT_TARGET = 9.2;
				MTL_ENABLE_DEBUG_INFO = NO;
				SDKROOT = iphoneos;
				VALIDATE_PRODUCT = YES;
			};
			name = Release;
		};
		9DB13EDA1C5F7600002E6A44 /* Debug */ = {
			isa = XCBuildConfiguration;
			buildSettings = {
				ASSETCATALOG_COMPILER_APPICON_NAME = AppIcon;
				INFOPLIST_FILE = CircleImageView/Info.plist;
				LD_RUNPATH_SEARCH_PATHS = "$(inherited) @executable_path/Frameworks";
				PRODUCT_BUNDLE_IDENTIFIER = com.lysongzi.CircleImageView;
				PRODUCT_NAME = "$(TARGET_NAME)";
			};
			name = Debug;
		};
		9DB13EDB1C5F7600002E6A44 /* Release */ = {
			isa = XCBuildConfiguration;
			buildSettings = {
				ASSETCATALOG_COMPILER_APPICON_NAME = AppIcon;
				INFOPLIST_FILE = CircleImageView/Info.plist;
				LD_RUNPATH_SEARCH_PATHS = "$(inherited) @executable_path/Frameworks";
				PRODUCT_BUNDLE_IDENTIFIER = com.lysongzi.CircleImageView;
				PRODUCT_NAME = "$(TARGET_NAME)";
			};
			name = Release;
		};
/* End XCBuildConfiguration section */

/* Begin XCConfigurationList section */
		9DB13EBD1C5F75FF002E6A44 /* Build configuration list for PBXProject "CircleImageView" */ = {
			isa = XCConfigurationList;
			buildConfigurations = (
				9DB13ED71C5F7600002E6A44 /* Debug */,
				9DB13ED81C5F7600002E6A44 /* Release */,
			);
			defaultConfigurationIsVisible = 0;
			defaultConfigurationName = Release;
		};
		9DB13ED91C5F7600002E6A44 /* Build configuration list for PBXNativeTarget "CircleImageView" */ = {
			isa = XCConfigurationList;
			buildConfigurations = (
				9DB13EDA1C5F7600002E6A44 /* Debug */,
				9DB13EDB1C5F7600002E6A44 /* Release */,
			);
			defaultConfigurationIsVisible = 0;
		};
/* End XCConfigurationList section */
	};
	rootObject = 9DB13EBA1C5F75FF002E6A44 /* Project object */;
}
